<?xml version="1.0" encoding="UTF-8" standalone="yes" ?>
<CodeBlocks_project_file>
   <FileVersion major="1" minor="6" />
   <Project>
      <Option title="find2nd" />
      <Option makefile_is_custom="1" />
      <Option compiler="gcc" />
      <Option virtualFolders="CMake Files\;" />
      <Build>
      <Target title="all">
         <Option working_dir="/home/sd44/code/algorithm/findnth-build" />
         <Option type="4" />
         <MakeCommands>
            <Build command="/usr/bin/make -f &quot;/home/sd44/code/algorithm/findnth-build/Makefile&quot;  VERBOSE=1 all" />
            <CompileFile command="/usr/bin/make -f &quot;/home/sd44/code/algorithm/findnth-build/Makefile&quot;  VERBOSE=1 &quot;$file&quot;" />
            <Clean command="/usr/bin/make -f &quot;/home/sd44/code/algorithm/findnth-build/Makefile&quot;  VERBOSE=1 clean" />
            <DistClean command="/usr/bin/make -f &quot;/home/sd44/code/algorithm/findnth-build/Makefile&quot;  VERBOSE=1 clean" />
         </MakeCommands>
      </Target>
      <Target title="find2nd">
         <Option output="/home/sd44/code/algorithm/findnth-build/find2nd" prefix_auto="0" extension_auto="0" />
         <Option working_dir="/home/sd44/code/algorithm/findnth-build" />
         <Option object_output="./" />
         <Option type="1" />
         <Option compiler="gcc" />
         <Compiler>
            <Add directory="/usr/include" />
            <Add directory="/usr/include/c++/4.7" />
            <Add directory="/usr/include/c++/4.7/backward" />
            <Add directory="/usr/include/c++/4.7/i686-linux-gnu" />
            <Add directory="/usr/include/i386-linux-gnu" />
            <Add directory="/usr/lib/gcc/i686-linux-gnu/4.7/include" />
            <Add directory="/usr/lib/gcc/i686-linux-gnu/4.7/include-fixed" />
            <Add directory="/usr/local/include" />
         </Compiler>
         <MakeCommands>
            <Build command="/usr/bin/make -f &quot;/home/sd44/code/algorithm/findnth-build/Makefile&quot;  VERBOSE=1 find2nd" />
            <CompileFile command="/usr/bin/make -f &quot;/home/sd44/code/algorithm/findnth-build/Makefile&quot;  VERBOSE=1 &quot;$file&quot;" />
            <Clean command="/usr/bin/make -f &quot;/home/sd44/code/algorithm/findnth-build/Makefile&quot;  VERBOSE=1 clean" />
            <DistClean command="/usr/bin/make -f &quot;/home/sd44/code/algorithm/findnth-build/Makefile&quot;  VERBOSE=1 clean" />
         </MakeCommands>
      </Target>
      <Target title="find2nd/fast">
         <Option output="/home/sd44/code/algorithm/findnth-build/find2nd" prefix_auto="0" extension_auto="0" />
         <Option working_dir="/home/sd44/code/algorithm/findnth-build" />
         <Option object_output="./" />
         <Option type="1" />
         <Option compiler="gcc" />
         <Compiler>
            <Add directory="/usr/include" />
            <Add directory="/usr/include/c++/4.7" />
            <Add directory="/usr/include/c++/4.7/backward" />
            <Add directory="/usr/include/c++/4.7/i686-linux-gnu" />
            <Add directory="/usr/include/i386-linux-gnu" />
            <Add directory="/usr/lib/gcc/i686-linux-gnu/4.7/include" />
            <Add directory="/usr/lib/gcc/i686-linux-gnu/4.7/include-fixed" />
            <Add directory="/usr/local/include" />
         </Compiler>
         <MakeCommands>
            <Build command="/usr/bin/make -f &quot;/home/sd44/code/algorithm/findnth-build/Makefile&quot;  VERBOSE=1 find2nd/fast" />
            <CompileFile command="/usr/bin/make -f &quot;/home/sd44/code/algorithm/findnth-build/Makefile&quot;  VERBOSE=1 &quot;$file&quot;" />
            <Clean command="/usr/bin/make -f &quot;/home/sd44/code/algorithm/findnth-build/Makefile&quot;  VERBOSE=1 clean" />
            <DistClean command="/usr/bin/make -f &quot;/home/sd44/code/algorithm/findnth-build/Makefile&quot;  VERBOSE=1 clean" />
         </MakeCommands>
      </Target>
      <Target title="rebuild_cache">
         <Option working_dir="/home/sd44/code/algorithm/findnth-build" />
         <Option type="4" />
         <MakeCommands>
            <Build command="/usr/bin/make -f &quot;/home/sd44/code/algorithm/findnth-build/Makefile&quot;  VERBOSE=1 rebuild_cache" />
            <CompileFile command="/usr/bin/make -f &quot;/home/sd44/code/algorithm/findnth-build/Makefile&quot;  VERBOSE=1 &quot;$file&quot;" />
            <Clean command="/usr/bin/make -f &quot;/home/sd44/code/algorithm/findnth-build/Makefile&quot;  VERBOSE=1 clean" />
            <DistClean command="/usr/bin/make -f &quot;/home/sd44/code/algorithm/findnth-build/Makefile&quot;  VERBOSE=1 clean" />
         </MakeCommands>
      </Target>
      </Build>
      <Unit filename="/home/sd44/code/algorithm/find2nd/find2nd.cpp">
      </Unit>
      <Unit filename="/home/sd44/code/algorithm/find2nd/find2nd.h">
      </Unit>
      <Unit filename="/home/sd44/code/algorithm/find2nd/CMakeLists.txt">
          <Option virtualFolder="CMake Files\" />
      </Unit>
   </Project>
</CodeBlocks_project_file>
